// !$*UTF8*$!
{
	archiveVersion = 1;
	classes = {
	};
	objectVersion = 46;
	objects = {

/* Begin PBXBuildFile section */
		845B3FD71C13325300A85BDC /* AppDelegate.swift in Sources */ = {isa = PBXBuildFile; fileRef = 845B3FD61C13325300A85BDC /* AppDelegate.swift */; };
		845B3FD91C13325300A85BDC /* ViewController.swift in Sources */ = {isa = PBXBuildFile; fileRef = 845B3FD81C13325300A85BDC /* ViewController.swift */; };
		845B3FDC1C13325300A85BDC /* Main.storyboard in Resources */ = {isa = PBXBuildFile; fileRef = 845B3FDA1C13325300A85BDC /* Main.storyboard */; };
		845B3FDE1C13325300A85BDC /* Assets.xcassets in Resources */ = {isa = PBXBuildFile; fileRef = 845B3FDD1C13325300A85BDC /* Assets.xcassets */; };
		845B3FE11C13325300A85BDC /* LaunchScreen.storyboard in Resources */ = {isa = PBXBuildFile; fileRef = 845B3FDF1C13325300A85BDC /* LaunchScreen.storyboard */; };
/* End PBXBuildFile section */

/* Begin PBXFileReference section */
		845B3FD31C13325300A85BDC /* BattleBets.app */ = {isa = PBXFileReference; explicitFileType = wrapper.application; includeInIndex = 0; path = BattleBets.app; sourceTree = BUILT_PRODUCTS_DIR; };
		845B3FD61C13325300A85BDC /* AppDelegate.swift */ = {isa = PBXFileReference; lastKnownFileType = sourcecode.swift; path = AppDelegate.swift; sourceTree = "<group>"; };
		845B3FD81C13325300A85BDC /* ViewController.swift */ = {isa = PBXFileReference; lastKnownFileType = sourcecode.swift; path = ViewController.swift; sourceTree = "<group>"; };
		845B3FDB1C13325300A85BDC /* Base */ = {isa = PBXFileReference; lastKnownFileType = file.storyboard; name = Base; path = Base.lproj/Main.storyboard; sourceTree = "<group>"; };
		845B3FDD1C13325300A85BDC /* Assets.xcassets */ = {isa = PBXFileReference; lastKnownFileType = folder.assetcatalog; path = Assets.xcassets; sourceTree = "<group>"; };
		845B3FE01C13325300A85BDC /* Base */ = {isa = PBXFileReference; lastKnownFileType = file.storyboard; name = Base; path = Base.lproj/LaunchScreen.storyboard; sourceTree = "<group>"; };
		845B3FE21C13325300A85BDC /* Info.plist */ = {isa = PBXFileReference; lastKnownFileType = text.plist.xml; path = Info.plist; sourceTree = "<group>"; };
/* End PBXFileReference section */

/* Begin PBXFrameworksBuildPhase section */
		845B3FD01C13325300A85BDC /* Frameworks */ = {
			isa = PBXFrameworksBuildPhase;
			buildActionMask = 2147483647;
			files = (
			);
			runOnlyForDeploymentPostprocessing = 0;
		};
/* End PBXFrameworksBuildPhase section */

/* Begin PBXGroup section */
		845B3FCA1C13325300A85BDC = {
			isa = PBXGroup;
			children = (
				845B3FD51C13325300A85BDC /* BattleBets */,
				845B3FD41C13325300A85BDC /* Products */,
			);
			sourceTree = "<group>";
		};
		845B3FD41C13325300A85BDC /* Products */ = {
			isa = PBXGroup;
			children = (
				845B3FD31C13325300A85BDC /* BattleBets.app */,
			);
			name = Products;
			sourceTree = "<group>";
		};
		845B3FD51C13325300A85BDC /* BattleBets */ = {
			isa = PBXGroup;
			children = (
				845B3FD61C13325300A85BDC /* AppDelegate.swift */,
				845B3FD81C13325300A85BDC /* ViewController.swift */,
				845B3FDA1C13325300A85BDC /* Main.storyboard */,
				845B3FDD1C13325300A85BDC /* Assets.xcassets */,
				845B3FDF1C13325300A85BDC /* LaunchScreen.storyboard */,
				845B3FE21C13325300A85BDC /* Info.plist */,
			);
			path = BattleBets;
			sourceTree = "<group>";
		};
/* End PBXGroup section */

/* Begin PBXNativeTarget section */
		845B3FD21C13325300A85BDC /* BattleBets */ = {
			isa = PBXNativeTarget;
			buildConfigurationList = 845B3FE51C13325300A85BDC /* Build configuration list for PBXNativeTarget "BattleBets" */;
			buildPhases = (
				845B3FCF1C13325300A85BDC /* Sources */,
				845B3FD01C13325300A85BDC /* Frameworks */,
				845B3FD11C13325300A85BDC /* Resources */,
			);
			buildRules = (
			);
			dependencies = (
			);
			name = BattleBets;
			productName = BattleBets;
			productReference = 845B3FD31C13325300A85BDC /* BattleBets.app */;
			productType = "com.apple.product-type.application";
		};
/* End PBXNativeTarget section */

/* Begin PBXProject section */
		845B3FCB1C13325300A85BDC /* Project object */ = {
			isa = PBXProject;
			attributes = {
				LastSwiftUpdateCheck = 0710;
				LastUpgradeCheck = 0710;
				ORGANIZATIONNAME = BattleBets;
				TargetAttributes = {
					845B3FD21C13325300A85BDC = {
						CreatedOnToolsVersion = 7.1.1;
						DevelopmentTeam = CJBKR78AL3;
					};
				};
			};
			buildConfigurationList = 845B3FCE1C13325300A85BDC /* Build configuration list for PBXProject "BattleBets" */;
			compatibilityVersion = "Xcode 3.2";
			developmentRegion = English;
			hasScannedForEncodings = 0;
			knownRegions = (
				en,
				Base,
			);
			mainGroup = 845B3FCA1C13325300A85BDC;
			productRefGroup = 845B3FD41C13325300A85BDC /* Products */;
			projectDirPath = "";
			projectRoot = "";
			targets = (
				845B3FD21C13325300A85BDC /* BattleBets */,
			);
		};
/* End PBXProject section */

/* Begin PBXResourcesBuildPhase section */
		845B3FD11C13325300A85BDC /* Resources */ = {
			isa = PBXResourcesBuildPhase;
			buildActionMask = 2147483647;
			files = (
				845B3FE11C13325300A85BDC /* LaunchScreen.storyboard in Resources */,
				845B3FDE1C13325300A85BDC /* Assets.xcassets in Resources */,
				845B3FDC1C13325300A85BDC /* Main.storyboard in Resources */,
			);
			runOnlyForDeploymentPostprocessing = 0;
		};
/* End PBXResourcesBuildPhase section */

/* Begin PBXSourcesBuildPhase section */
		845B3FCF1C13325300A85BDC /* Sources */ = {
			isa = PBXSourcesBuildPhase;
			buildActionMask = 2147483647;
			files = (
				845B3FD91C13325300A85BDC /* ViewController.swift in Sources */,
				845B3FD71C13325300A85BDC /* AppDelegate.swift in Sources */,
			);
			runOnlyForDeploymentPostprocessing = 0;
		};
/* End PBXSourcesBuildPhase section */

/* Begin PBXVariantGroup section */
		845B3FDA1C13325300A85BDC /* Main.storyboard */ = {
			isa = PBXVariantGroup;
			children = (
				845B3FDB1C13325300A85BDC /* Base */,
			);
			name = Main.storyboard;
			sourceTree = "<group>";
		};
		845B3FDF1C13325300A85BDC /* LaunchScreen.storyboard */ = {
			isa = PBXVariantGroup;
			children = (
				845B3FE01C13325300A85BDC /* Base */,
			);
			name = LaunchScreen.storyboard;
			sourceTree = "<group>";
		};
/* End PBXVariantGroup section */

/* Begin XCBuildConfiguration section */
		845B3FE31C13325300A85BDC /* Debug */ = {
			isa = XCBuildConfiguration;
			buildSettings = {
				ALWAYS_SEARCH_USER_PATHS = NO;
				CLANG_CXX_LANGUAGE_STANDARD = "gnu++0x";
				CLANG_CXX_LIBRARY = "libc++";
				CLANG_ENABLE_MODULES = YES;
				CLANG_ENABLE_OBJC_ARC = YES;
				CLANG_WARN_BOOL_CONVERSION = YES;
				CLANG_WARN_CONSTANT_CONVERSION = YES;
				CLANG_WARN_DIRECT_OBJC_ISA_USAGE = YES_ERROR;
				CLANG_WARN_EMPTY_BODY = YES;
				CLANG_WARN_ENUM_CONVERSION = YES;
				CLANG_WARN_INT_CONVERSION = YES;
				CLANG_WARN_OBJC_ROOT_CLASS = YES_ERROR;
				CLANG_WARN_UNREACHABLE_CODE = YES;
				CLANG_WARN__DUPLICATE_METHOD_MATCH = YES;
				"CODE_SIGN_IDENTITY[sdk=iphoneos*]" = "iPhone Developer";
				COPY_PHASE_STRIP = NO;
				DEBUG_INFORMATION_FORMAT = dwarf;
				ENABLE_STRICT_OBJC_MSGSEND = YES;
				ENABLE_TESTABILITY = YES;
				GCC_C_LANGUAGE_STANDARD = gnu99;
				GCC_DYNAMIC_NO_PIC = NO;
				GCC_NO_COMMON_BLOCKS = YES;
				GCC_OPTIMIZATION_LEVEL = 0;
				GCC_PREPROCESSOR_DEFINITIONS = (
					"DEBUG=1",
					"$(inherited)",
				);
				GCC_WARN_64_TO_32_BIT_CONVERSION = YES;
				GCC_WARN_ABOUT_RETURN_TYPE = YES_ERROR;
				GCC_WARN_UNDECLARED_SELECTOR = YES;
				GCC_WARN_UNINITIALIZED_AUTOS = YES_AGGRESSIVE;
				GCC_WARN_UNUSED_FUNCTION = YES;
				GCC_WARN_UNUSED_VARIABLE = YES;
				IPHONEOS_DEPLOYMENT_TARGET = 9.1;
				MTL_ENABLE_DEBUG_INFO = YES;
				ONLY_ACTIVE_ARCH = YES;
				SDKROOT = iphoneos;
				SWIFT_OPTIMIZATION_LEVEL = "-Onone";
			};
			name = Debug;
		};
		845B3FE41C13325300A85BDC /* Release */ = {
			isa = XCBuildConfiguration;
			buildSettings = {
				ALWAYS_SEARCH_USER_PATHS = NO;
				CLANG_CXX_LANGUAGE_STANDARD = "gnu++0x";
				CLANG_CXX_LIBRARY = "libc++";
				CLANG_ENABLE_MODULES = YES;
				CLANG_ENABLE_OBJC_ARC = YES;
				CLANG_WARN_BOOL_CONVERSION = YES;
				CLANG_WARN_CONSTANT_CONVERSION = YES;
				CLANG_WARN_DIRECT_OBJC_ISA_USAGE = YES_ERROR;
				CLANG_WARN_EMPTY_BODY = YES;
				CLANG_WARN_ENUM_CONVERSION = YES;
				CLANG_WARN_INT_CONVERSION = YES;
				CLANG_WARN_OBJC_ROOT_CLASS = YES_ERROR;
				CLANG_WARN_UNREACHABLE_CODE = YES;
				CLANG_WARN__DUPLICATE_METHOD_MATCH = YES;
				"CODE_SIGN_IDENTITY[sdk=iphoneos*]" = "iPhone Developer";
				COPY_PHASE_STRIP = NO;
				DEBUG_INFORMATION_FORMAT = "dwarf-with-dsym";
				ENABLE_NS_ASSERTIONS = NO;
				ENABLE_STRICT_OBJC_MSGSEND = YES;
				GCC_C_LANGUAGE_STANDARD = gnu99;
				GCC_NO_COMMON_BLOCKS = YES;
				GCC_WARN_64_TO_32_BIT_CONVERSION = YES;
				GCC_WARN_ABOUT_RETURN_TYPE = YES_ERROR;
				GCC_WARN_UNDECLARED_SELECTOR = YES;
				GCC_WARN_UNINITIALIZED_AUTOS = YES_AGGRESSIVE;
				GCC_WARN_UNUSED_FUNCTION = YES;
				GCC_WARN_UNUSED_VARIABLE = YES;
				IPHONEOS_DEPLOYMENT_TARGET = 9.1;
				MTL_ENABLE_DEBUG_INFO = NO;
				SDKROOT = iphoneos;
				VALIDATE_PRODUCT = YES;
			};
			name = Release;
		};
		845B3FE61C13325300A85BDC /* Debug */ = {
			isa = XCBuildConfiguration;
			buildSettings = {
				ASSETCATALOG_COMPILER_APPICON_NAME = AppIcon;
				INFOPLIST_FILE = BattleBets/Info.plist;
				LD_RUNPATH_SEARCH_PATHS = "$(inherited) @executable_path/Frameworks";
				PRODUCT_BUNDLE_IDENTIFIER = battlebets.BattleBets;
				PRODUCT_NAME = "$(TARGET_NAME)";
			};
			name = Debug;
		};
		845B3FE71C13325300A85BDC /* Release */ = {
			isa = XCBuildConfiguration;
			buildSettings = {
				ASSETCATALOG_COMPILER_APPICON_NAME = AppIcon;
				INFOPLIST_FILE = BattleBets/Info.plist;
				LD_RUNPATH_SEARCH_PATHS = "$(inherited) @executable_path/Frameworks";
				PRODUCT_BUNDLE_IDENTIFIER = battlebets.BattleBets;
				PRODUCT_NAME = "$(TARGET_NAME)";
			};
			name = Release;
		};
/* End XCBuildConfiguration section */

/* Begin XCConfigurationList section */
		845B3FCE1C13325300A85BDC /* Build configuration list for PBXProject "BattleBets" */ = {
			isa = XCConfigurationList;
			buildConfigurations = (
				845B3FE31C13325300A85BDC /* Debug */,
				845B3FE41C13325300A85BDC /* Release */,
			);
			defaultConfigurationIsVisible = 0;
			defaultConfigurationName = Release;
		};
		845B3FE51C13325300A85BDC /* Build configuration list for PBXNativeTarget "BattleBets" */ = {
			isa = XCConfigurationList;
			buildConfigurations = (
				845B3FE61C13325300A85BDC /* Debug */,
				845B3FE71C13325300A85BDC /* Release */,
			);
			defaultConfigurationIsVisible = 0;
		};
/* End XCConfigurationList section */
	};
	rootObject = 845B3FCB1C13325300A85BDC /* Project object */;
}
